// !$*UTF8*$!
{
	archiveVersion = 1;
	classes = {
	};
	objectVersion = 46;
	objects = {

/* Begin PBXBuildFile section */
		8A1BB0411DA54D04003A988D /* main.m in Sources */ = {isa = PBXBuildFile; fileRef = 8A1BB0401DA54D04003A988D /* main.m */; };
		8A1BB0441DA54D04003A988D /* AppDelegate.m in Sources */ = {isa = PBXBuildFile; fileRef = 8A1BB0431DA54D04003A988D /* AppDelegate.m */; };
		8A1BB0471DA54D04003A988D /* ViewController.m in Sources */ = {isa = PBXBuildFile; fileRef = 8A1BB0461DA54D04003A988D /* ViewController.m */; };
		8A1BB04A1DA54D04003A988D /* Main.storyboard in Resources */ = {isa = PBXBuildFile; fileRef = 8A1BB0481DA54D04003A988D /* Main.storyboard */; };
		8A1BB04C1DA54D04003A988D /* Assets.xcassets in Resources */ = {isa = PBXBuildFile; fileRef = 8A1BB04B1DA54D04003A988D /* Assets.xcassets */; };
		8A1BB04F1DA54D04003A988D /* LaunchScreen.storyboard in Resources */ = {isa = PBXBuildFile; fileRef = 8A1BB04D1DA54D04003A988D /* LaunchScreen.storyboard */; };
		8A1BB0581DA54D32003A988D /* XZMenuView.m in Sources */ = {isa = PBXBuildFile; fileRef = 8A1BB0571DA54D32003A988D /* XZMenuView.m */; };
/* End PBXBuildFile section */

/* Begin PBXFileReference section */
		8A1BB03C1DA54D04003A988D /* Demo.app */ = {isa = PBXFileReference; explicitFileType = wrapper.application; includeInIndex = 0; path = Demo.app; sourceTree = BUILT_PRODUCTS_DIR; };
		8A1BB0401DA54D04003A988D /* main.m */ = {isa = PBXFileReference; lastKnownFileType = sourcecode.c.objc; path = main.m; sourceTree = "<group>"; };
		8A1BB0421DA54D04003A988D /* AppDelegate.h */ = {isa = PBXFileReference; lastKnownFileType = sourcecode.c.h; path = AppDelegate.h; sourceTree = "<group>"; };
		8A1BB0431DA54D04003A988D /* AppDelegate.m */ = {isa = PBXFileReference; lastKnownFileType = sourcecode.c.objc; path = AppDelegate.m; sourceTree = "<group>"; };
		8A1BB0451DA54D04003A988D /* ViewController.h */ = {isa = PBXFileReference; lastKnownFileType = sourcecode.c.h; path = ViewController.h; sourceTree = "<group>"; };
		8A1BB0461DA54D04003A988D /* ViewController.m */ = {isa = PBXFileReference; lastKnownFileType = sourcecode.c.objc; path = ViewController.m; sourceTree = "<group>"; };
		8A1BB0491DA54D04003A988D /* Base */ = {isa = PBXFileReference; lastKnownFileType = file.storyboard; name = Base; path = Base.lproj/Main.storyboard; sourceTree = "<group>"; };
		8A1BB04B1DA54D04003A988D /* Assets.xcassets */ = {isa = PBXFileReference; lastKnownFileType = folder.assetcatalog; path = Assets.xcassets; sourceTree = "<group>"; };
		8A1BB04E1DA54D04003A988D /* Base */ = {isa = PBXFileReference; lastKnownFileType = file.storyboard; name = Base; path = Base.lproj/LaunchScreen.storyboard; sourceTree = "<group>"; };
		8A1BB0501DA54D04003A988D /* Info.plist */ = {isa = PBXFileReference; lastKnownFileType = text.plist.xml; path = Info.plist; sourceTree = "<group>"; };
		8A1BB0561DA54D32003A988D /* XZMenuView.h */ = {isa = PBXFileReference; fileEncoding = 4; lastKnownFileType = sourcecode.c.h; name = XZMenuView.h; path = ../../XZMenuView/XZMenuView.h; sourceTree = "<group>"; };
		8A1BB0571DA54D32003A988D /* XZMenuView.m */ = {isa = PBXFileReference; fileEncoding = 4; lastKnownFileType = sourcecode.c.objc; name = XZMenuView.m; path = ../../XZMenuView/XZMenuView.m; sourceTree = "<group>"; };
/* End PBXFileReference section */

/* Begin PBXFrameworksBuildPhase section */
		8A1BB0391DA54D04003A988D /* Frameworks */ = {
			isa = PBXFrameworksBuildPhase;
			buildActionMask = 2147483647;
			files = (
			);
			runOnlyForDeploymentPostprocessing = 0;
		};
/* End PBXFrameworksBuildPhase section */

/* Begin PBXGroup section */
		8A1BB0331DA54D04003A988D = {
			isa = PBXGroup;
			children = (
				8A1BB03E1DA54D04003A988D /* Demo */,
				8A1BB03D1DA54D04003A988D /* Products */,
			);
			sourceTree = "<group>";
		};
		8A1BB03D1DA54D04003A988D /* Products */ = {
			isa = PBXGroup;
			children = (
				8A1BB03C1DA54D04003A988D /* Demo.app */,
			);
			name = Products;
			sourceTree = "<group>";
		};
		8A1BB03E1DA54D04003A988D /* Demo */ = {
			isa = PBXGroup;
			children = (
				8A1BB0421DA54D04003A988D /* AppDelegate.h */,
				8A1BB0431DA54D04003A988D /* AppDelegate.m */,
				8A1BB0451DA54D04003A988D /* ViewController.h */,
				8A1BB0461DA54D04003A988D /* ViewController.m */,
				8A1BB0591DA54D4B003A988D /* XZMenuView */,
				8A1BB0481DA54D04003A988D /* Main.storyboard */,
				8A1BB04B1DA54D04003A988D /* Assets.xcassets */,
				8A1BB04D1DA54D04003A988D /* LaunchScreen.storyboard */,
				8A1BB0501DA54D04003A988D /* Info.plist */,
				8A1BB03F1DA54D04003A988D /* Supporting Files */,
			);
			path = Demo;
			sourceTree = "<group>";
		};
		8A1BB03F1DA54D04003A988D /* Supporting Files */ = {
			isa = PBXGroup;
			children = (
				8A1BB0401DA54D04003A988D /* main.m */,
			);
			name = "Supporting Files";
			sourceTree = "<group>";
		};
		8A1BB0591DA54D4B003A988D /* XZMenuView */ = {
			isa = PBXGroup;
			children = (
				8A1BB0561DA54D32003A988D /* XZMenuView.h */,
				8A1BB0571DA54D32003A988D /* XZMenuView.m */,
			);
			name = XZMenuView;
			sourceTree = "<group>";
		};
/* End PBXGroup section */

/* Begin PBXNativeTarget section */
		8A1BB03B1DA54D04003A988D /* Demo */ = {
			isa = PBXNativeTarget;
			buildConfigurationList = 8A1BB0531DA54D04003A988D /* Build configuration list for PBXNativeTarget "Demo" */;
			buildPhases = (
				8A1BB0381DA54D04003A988D /* Sources */,
				8A1BB0391DA54D04003A988D /* Frameworks */,
				8A1BB03A1DA54D04003A988D /* Resources */,
			);
			buildRules = (
			);
			dependencies = (
			);
			name = Demo;
			productName = Demo;
			productReference = 8A1BB03C1DA54D04003A988D /* Demo.app */;
			productType = "com.apple.product-type.application";
		};
/* End PBXNativeTarget section */

/* Begin PBXProject section */
		8A1BB0341DA54D04003A988D /* Project object */ = {
			isa = PBXProject;
			attributes = {
				LastUpgradeCheck = 0800;
				ORGANIZATIONNAME = "J. W. Z.";
				TargetAttributes = {
					8A1BB03B1DA54D04003A988D = {
						CreatedOnToolsVersion = 8.0;
						ProvisioningStyle = Automatic;
					};
				};
			};
			buildConfigurationList = 8A1BB0371DA54D04003A988D /* Build configuration list for PBXProject "Demo" */;
			compatibilityVersion = "Xcode 3.2";
			developmentRegion = English;
			hasScannedForEncodings = 0;
			knownRegions = (
				en,
				Base,
			);
			mainGroup = 8A1BB0331DA54D04003A988D;
			productRefGroup = 8A1BB03D1DA54D04003A988D /* Products */;
			projectDirPath = "";
			projectRoot = "";
			targets = (
				8A1BB03B1DA54D04003A988D /* Demo */,
			);
		};
/* End PBXProject section */

/* Begin PBXResourcesBuildPhase section */
		8A1BB03A1DA54D04003A988D /* Resources */ = {
			isa = PBXResourcesBuildPhase;
			buildActionMask = 2147483647;
			files = (
				8A1BB04F1DA54D04003A988D /* LaunchScreen.storyboard in Resources */,
				8A1BB04C1DA54D04003A988D /* Assets.xcassets in Resources */,
				8A1BB04A1DA54D04003A988D /* Main.storyboard in Resources */,
			);
			runOnlyForDeploymentPostprocessing = 0;
		};
/* End PBXResourcesBuildPhase section */

/* Begin PBXSourcesBuildPhase section */
		8A1BB0381DA54D04003A988D /* Sources */ = {
			isa = PBXSourcesBuildPhase;
			buildActionMask = 2147483647;
			files = (
				8A1BB0471DA54D04003A988D /* ViewController.m in Sources */,
				8A1BB0581DA54D32003A988D /* XZMenuView.m in Sources */,
				8A1BB0441DA54D04003A988D /* AppDelegate.m in Sources */,
				8A1BB0411DA54D04003A988D /* main.m in Sources */,
			);
			runOnlyForDeploymentPostprocessing = 0;
		};
/* End PBXSourcesBuildPhase section */

/* Begin PBXVariantGroup section */
		8A1BB0481DA54D04003A988D /* Main.storyboard */ = {
			isa = PBXVariantGroup;
			children = (
				8A1BB0491DA54D04003A988D /* Base */,
			);
			name = Main.storyboard;
			sourceTree = "<group>";
		};
		8A1BB04D1DA54D04003A988D /* LaunchScreen.storyboard */ = {
			isa = PBXVariantGroup;
			children = (
				8A1BB04E1DA54D04003A988D /* Base */,
			);
			name = LaunchScreen.storyboard;
			sourceTree = "<group>";
		};
/* End PBXVariantGroup section */

/* Begin XCBuildConfiguration section */
		8A1BB0511DA54D04003A988D /* Debug */ = {
			isa = XCBuildConfiguration;
			buildSettings = {
				ALWAYS_SEARCH_USER_PATHS = NO;
				CLANG_ANALYZER_NONNULL = YES;
				CLANG_CXX_LANGUAGE_STANDARD = "gnu++0x";
				CLANG_CXX_LIBRARY = "libc++";
				CLANG_ENABLE_MODULES = YES;
				CLANG_ENABLE_OBJC_ARC = YES;
				CLANG_WARN_BOOL_CONVERSION = YES;
				CLANG_WARN_CONSTANT_CONVERSION = YES;
				CLANG_WARN_DIRECT_OBJC_ISA_USAGE = YES_ERROR;
				CLANG_WARN_DOCUMENTATION_COMMENTS = YES;
				CLANG_WARN_EMPTY_BODY = YES;
				CLANG_WARN_ENUM_CONVERSION = YES;
				CLANG_WARN_INFINITE_RECURSION = YES;
				CLANG_WARN_INT_CONVERSION = YES;
				CLANG_WARN_OBJC_ROOT_CLASS = YES_ERROR;
				CLANG_WARN_SUSPICIOUS_MOVES = YES;
				CLANG_WARN_UNREACHABLE_CODE = YES;
				CLANG_WARN__DUPLICATE_METHOD_MATCH = YES;
				"CODE_SIGN_IDENTITY[sdk=iphoneos*]" = "iPhone Developer";
				COPY_PHASE_STRIP = NO;
				DEBUG_INFORMATION_FORMAT = dwarf;
				ENABLE_STRICT_OBJC_MSGSEND = YES;
				ENABLE_TESTABILITY = YES;
				GCC_C_LANGUAGE_STANDARD = gnu99;
				GCC_DYNAMIC_NO_PIC = NO;
				GCC_NO_COMMON_BLOCKS = YES;
				GCC_OPTIMIZATION_LEVEL = 0;
				GCC_PREPROCESSOR_DEFINITIONS = (
					"DEBUG=1",
					"$(inherited)",
				);
				GCC_WARN_64_TO_32_BIT_CONVERSION = YES;
				GCC_WARN_ABOUT_RETURN_TYPE = YES_ERROR;
				GCC_WARN_UNDECLARED_SELECTOR = YES;
				GCC_WARN_UNINITIALIZED_AUTOS = YES_AGGRESSIVE;
				GCC_WARN_UNUSED_FUNCTION = YES;
				GCC_WARN_UNUSED_VARIABLE = YES;
				IPHONEOS_DEPLOYMENT_TARGET = 10.0;
				MTL_ENABLE_DEBUG_INFO = YES;
				ONLY_ACTIVE_ARCH = YES;
				SDKROOT = iphoneos;
			};
			name = Debug;
		};
		8A1BB0521DA54D04003A988D /* Release */ = {
			isa = XCBuildConfiguration;
			buildSettings = {
				ALWAYS_SEARCH_USER_PATHS = NO;
				CLANG_ANALYZER_NONNULL = YES;
				CLANG_CXX_LANGUAGE_STANDARD = "gnu++0x";
				CLANG_CXX_LIBRARY = "libc++";
				CLANG_ENABLE_MODULES = YES;
				CLANG_ENABLE_OBJC_ARC = YES;
				CLANG_WARN_BOOL_CONVERSION = YES;
				CLANG_WARN_CONSTANT_CONVERSION = YES;
				CLANG_WARN_DIRECT_OBJC_ISA_USAGE = YES_ERROR;
				CLANG_WARN_DOCUMENTATION_COMMENTS = YES;
				CLANG_WARN_EMPTY_BODY = YES;
				CLANG_WARN_ENUM_CONVERSION = YES;
				CLANG_WARN_INFINITE_RECURSION = YES;
				CLANG_WARN_INT_CONVERSION = YES;
				CLANG_WARN_OBJC_ROOT_CLASS = YES_ERROR;
				CLANG_WARN_SUSPICIOUS_MOVES = YES;
				CLANG_WARN_UNREACHABLE_CODE = YES;
				CLANG_WARN__DUPLICATE_METHOD_MATCH = YES;
				"CODE_SIGN_IDENTITY[sdk=iphoneos*]" = "iPhone Developer";
				COPY_PHASE_STRIP = NO;
				DEBUG_INFORMATION_FORMAT = "dwarf-with-dsym";
				ENABLE_NS_ASSERTIONS = NO;
				ENABLE_STRICT_OBJC_MSGSEND = YES;
				GCC_C_LANGUAGE_STANDARD = gnu99;
				GCC_NO_COMMON_BLOCKS = YES;
				GCC_WARN_64_TO_32_BIT_CONVERSION = YES;
				GCC_WARN_ABOUT_RETURN_TYPE = YES_ERROR;
				GCC_WARN_UNDECLARED_SELECTOR = YES;
				GCC_WARN_UNINITIALIZED_AUTOS = YES_AGGRESSIVE;
				GCC_WARN_UNUSED_FUNCTION = YES;
				GCC_WARN_UNUSED_VARIABLE = YES;
				IPHONEOS_DEPLOYMENT_TARGET = 10.0;
				MTL_ENABLE_DEBUG_INFO = NO;
				SDKROOT = iphoneos;
				VALIDATE_PRODUCT = YES;
			};
			name = Release;
		};
		8A1BB0541DA54D04003A988D /* Debug */ = {
			isa = XCBuildConfiguration;
			buildSettings = {
				ASSETCATALOG_COMPILER_APPICON_NAME = AppIcon;
				INFOPLIST_FILE = Demo/Info.plist;
				LD_RUNPATH_SEARCH_PATHS = "$(inherited) @executable_path/Frameworks";
				PRODUCT_BUNDLE_IDENTIFIER = COM.JWZ.Demo;
				PRODUCT_NAME = "$(TARGET_NAME)";
			};
			name = Debug;
		};
		8A1BB0551DA54D04003A988D /* Release */ = {
			isa = XCBuildConfiguration;
			buildSettings = {
				ASSETCATALOG_COMPILER_APPICON_NAME = AppIcon;
				INFOPLIST_FILE = Demo/Info.plist;
				LD_RUNPATH_SEARCH_PATHS = "$(inherited) @executable_path/Frameworks";
				PRODUCT_BUNDLE_IDENTIFIER = COM.JWZ.Demo;
				PRODUCT_NAME = "$(TARGET_NAME)";
			};
			name = Release;
		};
/* End XCBuildConfiguration section */

/* Begin XCConfigurationList section */
		8A1BB0371DA54D04003A988D /* Build configuration list for PBXProject "Demo" */ = {
			isa = XCConfigurationList;
			buildConfigurations = (
				8A1BB0511DA54D04003A988D /* Debug */,
				8A1BB0521DA54D04003A988D /* Release */,
			);
			defaultConfigurationIsVisible = 0;
			defaultConfigurationName = Release;
		};
		8A1BB0531DA54D04003A988D /* Build configuration list for PBXNativeTarget "Demo" */ = {
			isa = XCConfigurationList;
			buildConfigurations = (
				8A1BB0541DA54D04003A988D /* Debug */,
				8A1BB0551DA54D04003A988D /* Release */,
			);
			defaultConfigurationIsVisible = 0;
		};
/* End XCConfigurationList section */
	};
	rootObject = 8A1BB0341DA54D04003A988D /* Project object */;
}
